
Microsoft Visual Studio Solution File, Format Version 12.00
# Visual Studio Version 17
VisualStudioVersion = 17.10.35013.160
MinimumVisualStudioVersion = 10.0.40219.1
Project("{FAE04EC0-301F-11D3-BF4B-00C04F79EFBC}") = "RazorPagesUI", "RazorPagesUI.csproj", "{75F49BAD-E36C-41AD-A87A-EEA871F2E8FE}"
EndProject
Global
	GlobalSection(SolutionConfigurationPlatforms) = preSolution
		Debug|Any CPU = Debug|Any CPU
		Release|Any CPU = Release|Any CPU
	EndGlobalSection
	GlobalSection(ProjectConfigurationPlatforms) = postSolution
		{75F49BAD-E36C-41AD-A87A-EEA871F2E8FE}.Debug|Any CPU.ActiveCfg = Debug|Any CPU
		{75F49BAD-E36C-41AD-A87A-EEA871F2E8FE}.Debug|Any CPU.Build.0 = Debug|Any CPU
		{75F49BAD-E36C-41AD-A87A-EEA871F2E8FE}.Release|Any CPU.ActiveCfg = Release|Any CPU
		{75F49BAD-E36C-41AD-A87A-EEA871F2E8FE}.Release|Any CPU.Build.0 = Release|Any CPU
	EndGlobalSection
	GlobalSection(SolutionProperties) = preSolution
		HideSolutionNode = FALSE
	EndGlobalSection
	GlobalSection(ExtensibilityGlobals) = postSolution
		SolutionGuid = {B8854CAB-B7C9-41B2-A7D1-A4B0253D257E}
	EndGlobalSection
EndGlobal
